// !$*UTF8*$!
{
	archiveVersion = 1;
	classes = {
	};
	objectVersion = 56;
	objects = {

/* Begin PBXBuildFile section */
		D34A6F8F2A85991900EE6999 /* Persistence.swift in Sources */ = {isa = PBXBuildFile; fileRef = D34A6F8E2A85991900EE6999 /* Persistence.swift */; };
		D35647702A7F028F000EF99D /* myFirstAppApp.swift in Sources */ = {isa = PBXBuildFile; fileRef = D356476F2A7F028F000EF99D /* myFirstAppApp.swift */; };
		D35647722A7F028F000EF99D /* HomeView.swift in Sources */ = {isa = PBXBuildFile; fileRef = D35647712A7F028F000EF99D /* HomeView.swift */; };
		D35647742A7F028F000EF99D /* Assets.xcassets in Resources */ = {isa = PBXBuildFile; fileRef = D35647732A7F028F000EF99D /* Assets.xcassets */; };
		D35647772A7F028F000EF99D /* Preview Assets.xcassets in Resources */ = {isa = PBXBuildFile; fileRef = D35647762A7F028F000EF99D /* Preview Assets.xcassets */; };
		D35647812A7F0290000EF99D /* myFirstAppTests.swift in Sources */ = {isa = PBXBuildFile; fileRef = D35647802A7F0290000EF99D /* myFirstAppTests.swift */; };
		D356478B2A7F0290000EF99D /* myFirstAppUITests.swift in Sources */ = {isa = PBXBuildFile; fileRef = D356478A2A7F0290000EF99D /* myFirstAppUITests.swift */; };
		D356478D2A7F0290000EF99D /* myFirstAppUITestsLaunchTests.swift in Sources */ = {isa = PBXBuildFile; fileRef = D356478C2A7F0290000EF99D /* myFirstAppUITestsLaunchTests.swift */; };
		D356479A2A7F05EB000EF99D /* Variables.swift in Sources */ = {isa = PBXBuildFile; fileRef = D35647992A7F05EB000EF99D /* Variables.swift */; };
		D35971A02A811E26003C167A /* TeamsView.swift in Sources */ = {isa = PBXBuildFile; fileRef = D359719F2A811E26003C167A /* TeamsView.swift */; };
		D35971A42A812C7E003C167A /* Team.swift in Sources */ = {isa = PBXBuildFile; fileRef = D35971A32A812C7E003C167A /* Team.swift */; };
		D3EB23472A85288900A98ACA /* MyFirstAppModel.xcdatamodeld in Sources */ = {isa = PBXBuildFile; fileRef = D3EB23452A85288900A98ACA /* MyFirstAppModel.xcdatamodeld */; };
		D3EB234B2A8592EE00A98ACA /* CoreData.framework in Frameworks */ = {isa = PBXBuildFile; fileRef = D3EB23492A8592D300A98ACA /* CoreData.framework */; };
		D3EE44A32A82465E00055F3A /* TeamDescriptionView.swift in Sources */ = {isa = PBXBuildFile; fileRef = D3EE44A22A82465E00055F3A /* TeamDescriptionView.swift */; };
		D3EE44A62A838C6700055F3A /* RandomUserTask.swift in Sources */ = {isa = PBXBuildFile; fileRef = D3EE44A52A838C6700055F3A /* RandomUserTask.swift */; };
		D3EE44A82A838FD100055F3A /* CollaboratorsView.swift in Sources */ = {isa = PBXBuildFile; fileRef = D3EE44A72A838FD100055F3A /* CollaboratorsView.swift */; };
		D3EE44B42A83EF9300055F3A /* NewCollaboratorView.swift in Sources */ = {isa = PBXBuildFile; fileRef = D3EE44B32A83EF9300055F3A /* NewCollaboratorView.swift */; };
		D3EE44B82A842EF500055F3A /* CollaboratorView.swift in Sources */ = {isa = PBXBuildFile; fileRef = D3EE44B72A842EF500055F3A /* CollaboratorView.swift */; };
/* End PBXBuildFile section */

/* Begin PBXContainerItemProxy section */
		D356477D2A7F0290000EF99D /* PBXContainerItemProxy */ = {
			isa = PBXContainerItemProxy;
			containerPortal = D35647642A7F028F000EF99D /* Project object */;
			proxyType = 1;
			remoteGlobalIDString = D356476B2A7F028F000EF99D;
			remoteInfo = myFirstApp;
		};
		D35647872A7F0290000EF99D /* PBXContainerItemProxy */ = {
			isa = PBXContainerItemProxy;
			containerPortal = D35647642A7F028F000EF99D /* Project object */;
			proxyType = 1;
			remoteGlobalIDString = D356476B2A7F028F000EF99D;
			remoteInfo = myFirstApp;
		};
/* End PBXContainerItemProxy section */

/* Begin PBXFileReference section */
		D34A6F8E2A85991900EE6999 /* Persistence.swift */ = {isa = PBXFileReference; fileEncoding = 4; lastKnownFileType = sourcecode.swift; path = Persistence.swift; sourceTree = "<group>"; };
		D356476C2A7F028F000EF99D /* myFirstApp.app */ = {isa = PBXFileReference; explicitFileType = wrapper.application; includeInIndex = 0; path = myFirstApp.app; sourceTree = BUILT_PRODUCTS_DIR; };
		D356476F2A7F028F000EF99D /* myFirstAppApp.swift */ = {isa = PBXFileReference; lastKnownFileType = sourcecode.swift; path = myFirstAppApp.swift; sourceTree = "<group>"; };
		D35647712A7F028F000EF99D /* HomeView.swift */ = {isa = PBXFileReference; lastKnownFileType = sourcecode.swift; path = HomeView.swift; sourceTree = "<group>"; };
		D35647732A7F028F000EF99D /* Assets.xcassets */ = {isa = PBXFileReference; lastKnownFileType = folder.assetcatalog; path = Assets.xcassets; sourceTree = "<group>"; };
		D35647762A7F028F000EF99D /* Preview Assets.xcassets */ = {isa = PBXFileReference; lastKnownFileType = folder.assetcatalog; path = "Preview Assets.xcassets"; sourceTree = "<group>"; };
		D356477C2A7F0290000EF99D /* myFirstAppTests.xctest */ = {isa = PBXFileReference; explicitFileType = wrapper.cfbundle; includeInIndex = 0; path = myFirstAppTests.xctest; sourceTree = BUILT_PRODUCTS_DIR; };
		D35647802A7F0290000EF99D /* myFirstAppTests.swift */ = {isa = PBXFileReference; lastKnownFileType = sourcecode.swift; path = myFirstAppTests.swift; sourceTree = "<group>"; };
		D35647862A7F0290000EF99D /* myFirstAppUITests.xctest */ = {isa = PBXFileReference; explicitFileType = wrapper.cfbundle; includeInIndex = 0; path = myFirstAppUITests.xctest; sourceTree = BUILT_PRODUCTS_DIR; };
		D356478A2A7F0290000EF99D /* myFirstAppUITests.swift */ = {isa = PBXFileReference; lastKnownFileType = sourcecode.swift; path = myFirstAppUITests.swift; sourceTree = "<group>"; };
		D356478C2A7F0290000EF99D /* myFirstAppUITestsLaunchTests.swift */ = {isa = PBXFileReference; lastKnownFileType = sourcecode.swift; path = myFirstAppUITestsLaunchTests.swift; sourceTree = "<group>"; };
		D35647992A7F05EB000EF99D /* Variables.swift */ = {isa = PBXFileReference; lastKnownFileType = sourcecode.swift; name = Variables.swift; path = Settings/Variables.swift; sourceTree = "<group>"; };
		D359719F2A811E26003C167A /* TeamsView.swift */ = {isa = PBXFileReference; lastKnownFileType = sourcecode.swift; path = TeamsView.swift; sourceTree = "<group>"; };
		D35971A32A812C7E003C167A /* Team.swift */ = {isa = PBXFileReference; lastKnownFileType = sourcecode.swift; path = Team.swift; sourceTree = "<group>"; };
		D3EB23462A85288900A98ACA /* MyFirstAppModel.xcdatamodel */ = {isa = PBXFileReference; lastKnownFileType = wrapper.xcdatamodel; path = MyFirstAppModel.xcdatamodel; sourceTree = "<group>"; };
		D3EB23492A8592D300A98ACA /* CoreData.framework */ = {isa = PBXFileReference; lastKnownFileType = wrapper.framework; name = CoreData.framework; path = System/Library/Frameworks/CoreData.framework; sourceTree = SDKROOT; };
		D3EB234A2A8592D300A98ACA /* libswiftCoreData.tbd */ = {isa = PBXFileReference; lastKnownFileType = "sourcecode.text-based-dylib-definition"; name = libswiftCoreData.tbd; path = usr/lib/swift/libswiftCoreData.tbd; sourceTree = SDKROOT; };
		D3EE44A22A82465E00055F3A /* TeamDescriptionView.swift */ = {isa = PBXFileReference; lastKnownFileType = sourcecode.swift; path = TeamDescriptionView.swift; sourceTree = "<group>"; };
		D3EE44A52A838C6700055F3A /* RandomUserTask.swift */ = {isa = PBXFileReference; lastKnownFileType = sourcecode.swift; path = RandomUserTask.swift; sourceTree = "<group>"; };
		D3EE44A72A838FD100055F3A /* CollaboratorsView.swift */ = {isa = PBXFileReference; lastKnownFileType = sourcecode.swift; path = CollaboratorsView.swift; sourceTree = "<group>"; };
		D3EE44B32A83EF9300055F3A /* NewCollaboratorView.swift */ = {isa = PBXFileReference; lastKnownFileType = sourcecode.swift; path = NewCollaboratorView.swift; sourceTree = "<group>"; };
		D3EE44B72A842EF500055F3A /* CollaboratorView.swift */ = {isa = PBXFileReference; lastKnownFileType = sourcecode.swift; path = CollaboratorView.swift; sourceTree = "<group>"; };
/* End PBXFileReference section */

/* Begin PBXFrameworksBuildPhase section */
		D35647692A7F028F000EF99D /* Frameworks */ = {
			isa = PBXFrameworksBuildPhase;
			buildActionMask = 2147483647;
			files = (
				D3EB234B2A8592EE00A98ACA /* CoreData.framework in Frameworks */,
			);
			runOnlyForDeploymentPostprocessing = 0;
		};
		D35647792A7F0290000EF99D /* Frameworks */ = {
			isa = PBXFrameworksBuildPhase;
			buildActionMask = 2147483647;
			files = (
			);
			runOnlyForDeploymentPostprocessing = 0;
		};
		D35647832A7F0290000EF99D /* Frameworks */ = {
			isa = PBXFrameworksBuildPhase;
			buildActionMask = 2147483647;
			files = (
			);
			runOnlyForDeploymentPostprocessing = 0;
		};
/* End PBXFrameworksBuildPhase section */

/* Begin PBXGroup section */
		D35647632A7F028F000EF99D = {
			isa = PBXGroup;
			children = (
				D356476E2A7F028F000EF99D /* myFirstApp */,
				D356477F2A7F0290000EF99D /* myFirstAppTests */,
				D35647892A7F0290000EF99D /* myFirstAppUITests */,
				D356476D2A7F028F000EF99D /* Products */,
				D3EB23482A8592C500A98ACA /* Frameworks */,
			);
			sourceTree = "<group>";
		};
		D356476D2A7F028F000EF99D /* Products */ = {
			isa = PBXGroup;
			children = (
				D356476C2A7F028F000EF99D /* myFirstApp.app */,
				D356477C2A7F0290000EF99D /* myFirstAppTests.xctest */,
				D35647862A7F0290000EF99D /* myFirstAppUITests.xctest */,
			);
			name = Products;
			sourceTree = "<group>";
		};
		D356476E2A7F028F000EF99D /* myFirstApp */ = {
			isa = PBXGroup;
			children = (
				D3EB23412A84D68E00A98ACA /* data */,
				D3EE44A42A838C3A00055F3A /* services */,
				D35971A22A812C57003C167A /* types */,
				D35971A12A812BFA003C167A /* views */,
				D356476F2A7F028F000EF99D /* myFirstAppApp.swift */,
				D35647732A7F028F000EF99D /* Assets.xcassets */,
				D35647752A7F028F000EF99D /* Preview Content */,
				D35647992A7F05EB000EF99D /* Variables.swift */,
			);
			path = myFirstApp;
			sourceTree = "<group>";
		};
		D35647752A7F028F000EF99D /* Preview Content */ = {
			isa = PBXGroup;
			children = (
				D35647762A7F028F000EF99D /* Preview Assets.xcassets */,
			);
			path = "Preview Content";
			sourceTree = "<group>";
		};
		D356477F2A7F0290000EF99D /* myFirstAppTests */ = {
			isa = PBXGroup;
			children = (
				D35647802A7F0290000EF99D /* myFirstAppTests.swift */,
			);
			path = myFirstAppTests;
			sourceTree = "<group>";
		};
		D35647892A7F0290000EF99D /* myFirstAppUITests */ = {
			isa = PBXGroup;
			children = (
				D356478A2A7F0290000EF99D /* myFirstAppUITests.swift */,
				D356478C2A7F0290000EF99D /* myFirstAppUITestsLaunchTests.swift */,
			);
			path = myFirstAppUITests;
			sourceTree = "<group>";
		};
		D35971A12A812BFA003C167A /* views */ = {
			isa = PBXGroup;
			children = (
				D3EE44AE2A83E26300055F3A /* pages */,
				D3EE44AB2A83E17E00055F3A /* components */,
			);
			path = views;
			sourceTree = "<group>";
		};
		D35971A22A812C57003C167A /* types */ = {
			isa = PBXGroup;
			children = (
				D35971A32A812C7E003C167A /* Team.swift */,
			);
			path = types;
			sourceTree = "<group>";
		};
		D3EB23412A84D68E00A98ACA /* data */ = {
			isa = PBXGroup;
			children = (
				D34A6F8E2A85991900EE6999 /* Persistence.swift */,
				D3EB23452A85288900A98ACA /* MyFirstAppModel.xcdatamodeld */,
			);
			path = data;
			sourceTree = "<group>";
		};
		D3EB23482A8592C500A98ACA /* Frameworks */ = {
			isa = PBXGroup;
			children = (
				D3EB23492A8592D300A98ACA /* CoreData.framework */,
				D3EB234A2A8592D300A98ACA /* libswiftCoreData.tbd */,
			);
			name = Frameworks;
			sourceTree = "<group>";
		};
		D3EE44A42A838C3A00055F3A /* services */ = {
			isa = PBXGroup;
			children = (
				D3EE44A52A838C6700055F3A /* RandomUserTask.swift */,
			);
			path = services;
			sourceTree = "<group>";
		};
		D3EE44A92A8391CA00055F3A /* team */ = {
			isa = PBXGroup;
			children = (
				D3EE44A22A82465E00055F3A /* TeamDescriptionView.swift */,
				D3EE44A72A838FD100055F3A /* CollaboratorsView.swift */,
				D3EE44B72A842EF500055F3A /* CollaboratorView.swift */,
			);
			path = team;
			sourceTree = "<group>";
		};
		D3EE44AB2A83E17E00055F3A /* components */ = {
			isa = PBXGroup;
			children = (
				D3EE44A92A8391CA00055F3A /* team */,
			);
			path = components;
			sourceTree = "<group>";
		};
		D3EE44AE2A83E26300055F3A /* pages */ = {
			isa = PBXGroup;
			children = (
				D359719F2A811E26003C167A /* TeamsView.swift */,
				D35647712A7F028F000EF99D /* HomeView.swift */,
				D3EE44B32A83EF9300055F3A /* NewCollaboratorView.swift */,
			);
			path = pages;
			sourceTree = "<group>";
		};
/* End PBXGroup section */

/* Begin PBXNativeTarget section */
		D356476B2A7F028F000EF99D /* myFirstApp */ = {
			isa = PBXNativeTarget;
			buildConfigurationList = D35647902A7F0290000EF99D /* Build configuration list for PBXNativeTarget "myFirstApp" */;
			buildPhases = (
				D35647682A7F028F000EF99D /* Sources */,
				D35647692A7F028F000EF99D /* Frameworks */,
				D356476A2A7F028F000EF99D /* Resources */,
			);
			buildRules = (
			);
			dependencies = (
			);
			name = myFirstApp;
			productName = myFirstApp;
			productReference = D356476C2A7F028F000EF99D /* myFirstApp.app */;
			productType = "com.apple.product-type.application";
		};
		D356477B2A7F0290000EF99D /* myFirstAppTests */ = {
			isa = PBXNativeTarget;
			buildConfigurationList = D35647932A7F0290000EF99D /* Build configuration list for PBXNativeTarget "myFirstAppTests" */;
			buildPhases = (
				D35647782A7F0290000EF99D /* Sources */,
				D35647792A7F0290000EF99D /* Frameworks */,
				D356477A2A7F0290000EF99D /* Resources */,
			);
			buildRules = (
			);
			dependencies = (
				D356477E2A7F0290000EF99D /* PBXTargetDependency */,
			);
			name = myFirstAppTests;
			productName = myFirstAppTests;
			productReference = D356477C2A7F0290000EF99D /* myFirstAppTests.xctest */;
			productType = "com.apple.product-type.bundle.unit-test";
		};
		D35647852A7F0290000EF99D /* myFirstAppUITests */ = {
			isa = PBXNativeTarget;
			buildConfigurationList = D35647962A7F0290000EF99D /* Build configuration list for PBXNativeTarget "myFirstAppUITests" */;
			buildPhases = (
				D35647822A7F0290000EF99D /* Sources */,
				D35647832A7F0290000EF99D /* Frameworks */,
				D35647842A7F0290000EF99D /* Resources */,
			);
			buildRules = (
			);
			dependencies = (
				D35647882A7F0290000EF99D /* PBXTargetDependency */,
			);
			name = myFirstAppUITests;
			productName = myFirstAppUITests;
			productReference = D35647862A7F0290000EF99D /* myFirstAppUITests.xctest */;
			productType = "com.apple.product-type.bundle.ui-testing";
		};
/* End PBXNativeTarget section */

/* Begin PBXProject section */
		D35647642A7F028F000EF99D /* Project object */ = {
			isa = PBXProject;
			attributes = {
				BuildIndependentTargetsInParallel = 1;
				LastSwiftUpdateCheck = 1430;
				LastUpgradeCheck = 1430;
				TargetAttributes = {
					D356476B2A7F028F000EF99D = {
						CreatedOnToolsVersion = 14.3;
					};
					D356477B2A7F0290000EF99D = {
						CreatedOnToolsVersion = 14.3;
						TestTargetID = D356476B2A7F028F000EF99D;
					};
					D35647852A7F0290000EF99D = {
						CreatedOnToolsVersion = 14.3;
						TestTargetID = D356476B2A7F028F000EF99D;
					};
				};
			};
			buildConfigurationList = D35647672A7F028F000EF99D /* Build configuration list for PBXProject "myFirstApp" */;
			compatibilityVersion = "Xcode 14.0";
			developmentRegion = en;
			hasScannedForEncodings = 0;
			knownRegions = (
				en,
				Base,
			);
			mainGroup = D35647632A7F028F000EF99D;
			productRefGroup = D356476D2A7F028F000EF99D /* Products */;
			projectDirPath = "";
			projectRoot = "";
			targets = (
				D356476B2A7F028F000EF99D /* myFirstApp */,
				D356477B2A7F0290000EF99D /* myFirstAppTests */,
				D35647852A7F0290000EF99D /* myFirstAppUITests */,
			);
		};
/* End PBXProject section */

/* Begin PBXResourcesBuildPhase section */
		D356476A2A7F028F000EF99D /* Resources */ = {
			isa = PBXResourcesBuildPhase;
			buildActionMask = 2147483647;
			files = (
				D35647772A7F028F000EF99D /* Preview Assets.xcassets in Resources */,
				D35647742A7F028F000EF99D /* Assets.xcassets in Resources */,
			);
			runOnlyForDeploymentPostprocessing = 0;
		};
		D356477A2A7F0290000EF99D /* Resources */ = {
			isa = PBXResourcesBuildPhase;
			buildActionMask = 2147483647;
			files = (
			);
			runOnlyForDeploymentPostprocessing = 0;
		};
		D35647842A7F0290000EF99D /* Resources */ = {
			isa = PBXResourcesBuildPhase;
			buildActionMask = 2147483647;
			files = (
			);
			runOnlyForDeploymentPostprocessing = 0;
		};
/* End PBXResourcesBuildPhase section */

/* Begin PBXSourcesBuildPhase section */
		D35647682A7F028F000EF99D /* Sources */ = {
			isa = PBXSourcesBuildPhase;
			buildActionMask = 2147483647;
			files = (
				D3EE44A82A838FD100055F3A /* CollaboratorsView.swift in Sources */,
				D3EE44A62A838C6700055F3A /* RandomUserTask.swift in Sources */,
				D3EE44B42A83EF9300055F3A /* NewCollaboratorView.swift in Sources */,
				D356479A2A7F05EB000EF99D /* Variables.swift in Sources */,
				D35647722A7F028F000EF99D /* HomeView.swift in Sources */,
				D3EE44A32A82465E00055F3A /* TeamDescriptionView.swift in Sources */,
				D35971A02A811E26003C167A /* TeamsView.swift in Sources */,
				D35971A42A812C7E003C167A /* Team.swift in Sources */,
				D3EB23472A85288900A98ACA /* MyFirstAppModel.xcdatamodeld in Sources */,
				D34A6F8F2A85991900EE6999 /* Persistence.swift in Sources */,
				D35647702A7F028F000EF99D /* myFirstAppApp.swift in Sources */,
				D3EE44B82A842EF500055F3A /* CollaboratorView.swift in Sources */,
			);
			runOnlyForDeploymentPostprocessing = 0;
		};
		D35647782A7F0290000EF99D /* Sources */ = {
			isa = PBXSourcesBuildPhase;
			buildActionMask = 2147483647;
			files = (
				D35647812A7F0290000EF99D /* myFirstAppTests.swift in Sources */,
			);
			runOnlyForDeploymentPostprocessing = 0;
		};
		D35647822A7F0290000EF99D /* Sources */ = {
			isa = PBXSourcesBuildPhase;
			buildActionMask = 2147483647;
			files = (
				D356478B2A7F0290000EF99D /* myFirstAppUITests.swift in Sources */,
				D356478D2A7F0290000EF99D /* myFirstAppUITestsLaunchTests.swift in Sources */,
			);
			runOnlyForDeploymentPostprocessing = 0;
		};
/* End PBXSourcesBuildPhase section */

/* Begin PBXTargetDependency section */
		D356477E2A7F0290000EF99D /* PBXTargetDependency */ = {
			isa = PBXTargetDependency;
			target = D356476B2A7F028F000EF99D /* myFirstApp */;
			targetProxy = D356477D2A7F0290000EF99D /* PBXContainerItemProxy */;
		};
		D35647882A7F0290000EF99D /* PBXTargetDependency */ = {
			isa = PBXTargetDependency;
			target = D356476B2A7F028F000EF99D /* myFirstApp */;
			targetProxy = D35647872A7F0290000EF99D /* PBXContainerItemProxy */;
		};
/* End PBXTargetDependency section */

/* Begin XCBuildConfiguration section */
		D356478E2A7F0290000EF99D /* Debug */ = {
			isa = XCBuildConfiguration;
			buildSettings = {
				ALWAYS_SEARCH_USER_PATHS = NO;
				CLANG_ANALYZER_NONNULL = YES;
				CLANG_ANALYZER_NUMBER_OBJECT_CONVERSION = YES_AGGRESSIVE;
				CLANG_CXX_LANGUAGE_STANDARD = "gnu++20";
				CLANG_ENABLE_MODULES = YES;
				CLANG_ENABLE_OBJC_ARC = YES;
				CLANG_ENABLE_OBJC_WEAK = YES;
				CLANG_WARN_BLOCK_CAPTURE_AUTORELEASING = YES;
				CLANG_WARN_BOOL_CONVERSION = YES;
				CLANG_WARN_COMMA = YES;
				CLANG_WARN_CONSTANT_CONVERSION = YES;
				CLANG_WARN_DEPRECATED_OBJC_IMPLEMENTATIONS = YES;
				CLANG_WARN_DIRECT_OBJC_ISA_USAGE = YES_ERROR;
				CLANG_WARN_DOCUMENTATION_COMMENTS = YES;
				CLANG_WARN_EMPTY_BODY = YES;
				CLANG_WARN_ENUM_CONVERSION = YES;
				CLANG_WARN_INFINITE_RECURSION = YES;
				CLANG_WARN_INT_CONVERSION = YES;
				CLANG_WARN_NON_LITERAL_NULL_CONVERSION = YES;
				CLANG_WARN_OBJC_IMPLICIT_RETAIN_SELF = YES;
				CLANG_WARN_OBJC_LITERAL_CONVERSION = YES;
				CLANG_WARN_OBJC_ROOT_CLASS = YES_ERROR;
				CLANG_WARN_QUOTED_INCLUDE_IN_FRAMEWORK_HEADER = YES;
				CLANG_WARN_RANGE_LOOP_ANALYSIS = YES;
				CLANG_WARN_STRICT_PROTOTYPES = YES;
				CLANG_WARN_SUSPICIOUS_MOVE = YES;
				CLANG_WARN_UNGUARDED_AVAILABILITY = YES_AGGRESSIVE;
				CLANG_WARN_UNREACHABLE_CODE = YES;
				CLANG_WARN__DUPLICATE_METHOD_MATCH = YES;
				COPY_PHASE_STRIP = NO;
				DEBUG_INFORMATION_FORMAT = dwarf;
				ENABLE_STRICT_OBJC_MSGSEND = YES;
				ENABLE_TESTABILITY = YES;
				GCC_C_LANGUAGE_STANDARD = gnu11;
				GCC_DYNAMIC_NO_PIC = NO;
				GCC_NO_COMMON_BLOCKS = YES;
				GCC_OPTIMIZATION_LEVEL = 0;
				GCC_PREPROCESSOR_DEFINITIONS = (
					"DEBUG=1",
					"$(inherited)",
				);
				GCC_WARN_64_TO_32_BIT_CONVERSION = YES;
				GCC_WARN_ABOUT_RETURN_TYPE = YES_ERROR;
				GCC_WARN_UNDECLARED_SELECTOR = YES;
				GCC_WARN_UNINITIALIZED_AUTOS = YES_AGGRESSIVE;
				GCC_WARN_UNUSED_FUNCTION = YES;
				GCC_WARN_UNUSED_VARIABLE = YES;
				IPHONEOS_DEPLOYMENT_TARGET = 16.4;
				MTL_ENABLE_DEBUG_INFO = INCLUDE_SOURCE;
				MTL_FAST_MATH = YES;
				ONLY_ACTIVE_ARCH = YES;
				SDKROOT = iphoneos;
				SWIFT_ACTIVE_COMPILATION_CONDITIONS = DEBUG;
				SWIFT_OPTIMIZATION_LEVEL = "-Onone";
			};
			name = Debug;
		};
		D356478F2A7F0290000EF99D /* Release */ = {
			isa = XCBuildConfiguration;
			buildSettings = {
				ALWAYS_SEARCH_USER_PATHS = NO;
				CLANG_ANALYZER_NONNULL = YES;
				CLANG_ANALYZER_NUMBER_OBJECT_CONVERSION = YES_AGGRESSIVE;
				CLANG_CXX_LANGUAGE_STANDARD = "gnu++20";
				CLANG_ENABLE_MODULES = YES;
				CLANG_ENABLE_OBJC_ARC = YES;
				CLANG_ENABLE_OBJC_WEAK = YES;
				CLANG_WARN_BLOCK_CAPTURE_AUTORELEASING = YES;
				CLANG_WARN_BOOL_CONVERSION = YES;
				CLANG_WARN_COMMA = YES;
				CLANG_WARN_CONSTANT_CONVERSION = YES;
				CLANG_WARN_DEPRECATED_OBJC_IMPLEMENTATIONS = YES;
				CLANG_WARN_DIRECT_OBJC_ISA_USAGE = YES_ERROR;
				CLANG_WARN_DOCUMENTATION_COMMENTS = YES;
				CLANG_WARN_EMPTY_BODY = YES;
				CLANG_WARN_ENUM_CONVERSION = YES;
				CLANG_WARN_INFINITE_RECURSION = YES;
				CLANG_WARN_INT_CONVERSION = YES;
				CLANG_WARN_NON_LITERAL_NULL_CONVERSION = YES;
				CLANG_WARN_OBJC_IMPLICIT_RETAIN_SELF = YES;
				CLANG_WARN_OBJC_LITERAL_CONVERSION = YES;
				CLANG_WARN_OBJC_ROOT_CLASS = YES_ERROR;
				CLANG_WARN_QUOTED_INCLUDE_IN_FRAMEWORK_HEADER = YES;
				CLANG_WARN_RANGE_LOOP_ANALYSIS = YES;
				CLANG_WARN_STRICT_PROTOTYPES = YES;
				CLANG_WARN_SUSPICIOUS_MOVE = YES;
				CLANG_WARN_UNGUARDED_AVAILABILITY = YES_AGGRESSIVE;
				CLANG_WARN_UNREACHABLE_CODE = YES;
				CLANG_WARN__DUPLICATE_METHOD_MATCH = YES;
				COPY_PHASE_STRIP = NO;
				DEBUG_INFORMATION_FORMAT = "dwarf-with-dsym";
				ENABLE_NS_ASSERTIONS = NO;
				ENABLE_STRICT_OBJC_MSGSEND = YES;
				GCC_C_LANGUAGE_STANDARD = gnu11;
				GCC_NO_COMMON_BLOCKS = YES;
				GCC_WARN_64_TO_32_BIT_CONVERSION = YES;
				GCC_WARN_ABOUT_RETURN_TYPE = YES_ERROR;
				GCC_WARN_UNDECLARED_SELECTOR = YES;
				GCC_WARN_UNINITIALIZED_AUTOS = YES_AGGRESSIVE;
				GCC_WARN_UNUSED_FUNCTION = YES;
				GCC_WARN_UNUSED_VARIABLE = YES;
				IPHONEOS_DEPLOYMENT_TARGET = 16.4;
				MTL_ENABLE_DEBUG_INFO = NO;
				MTL_FAST_MATH = YES;
				SDKROOT = iphoneos;
				SWIFT_COMPILATION_MODE = wholemodule;
				SWIFT_OPTIMIZATION_LEVEL = "-O";
				VALIDATE_PRODUCT = YES;
			};
			name = Release;
		};
		D35647912A7F0290000EF99D /* Debug */ = {
			isa = XCBuildConfiguration;
			buildSettings = {
				ASSETCATALOG_COMPILER_APPICON_NAME = AppIcon;
				ASSETCATALOG_COMPILER_GLOBAL_ACCENT_COLOR_NAME = AccentColor;
				ASSETCATALOG_COMPILER_INCLUDE_ALL_APPICON_ASSETS = NO;
				CODE_SIGN_STYLE = Automatic;
				CURRENT_PROJECT_VERSION = 1;
				DEVELOPMENT_ASSET_PATHS = "\"myFirstApp/Preview Content\"";
				DEVELOPMENT_TEAM = DZ9AV43LNJ;
				ENABLE_PREVIEWS = YES;
				GENERATE_INFOPLIST_FILE = YES;
				INFOPLIST_KEY_UIApplicationSceneManifest_Generation = YES;
				INFOPLIST_KEY_UIApplicationSupportsIndirectInputEvents = YES;
				INFOPLIST_KEY_UILaunchScreen_Generation = YES;
				INFOPLIST_KEY_UISupportedInterfaceOrientations_iPad = "UIInterfaceOrientationPortrait UIInterfaceOrientationPortraitUpsideDown UIInterfaceOrientationLandscapeLeft UIInterfaceOrientationLandscapeRight";
				INFOPLIST_KEY_UISupportedInterfaceOrientations_iPhone = "UIInterfaceOrientationPortrait UIInterfaceOrientationLandscapeLeft UIInterfaceOrientationLandscapeRight";
				LD_RUNPATH_SEARCH_PATHS = (
					"$(inherited)",
					"@executable_path/Frameworks",
				);
				MARKETING_VERSION = 1.0;
				PRODUCT_BUNDLE_IDENTIFIER = fr.bouboumael.myFirstApp;
				PRODUCT_NAME = "$(TARGET_NAME)";
				SWIFT_EMIT_LOC_STRINGS = YES;
				SWIFT_VERSION = 5.0;
				TARGETED_DEVICE_FAMILY = "1,2";
			};
			name = Debug;
		};
		D35647922A7F0290000EF99D /* Release */ = {
			isa = XCBuildConfiguration;
			buildSettings = {
				ASSETCATALOG_COMPILER_APPICON_NAME = AppIcon;
				ASSETCATALOG_COMPILER_GLOBAL_ACCENT_COLOR_NAME = AccentColor;
				ASSETCATALOG_COMPILER_INCLUDE_ALL_APPICON_ASSETS = NO;
				CODE_SIGN_STYLE = Automatic;
				CURRENT_PROJECT_VERSION = 1;
				DEVELOPMENT_ASSET_PATHS = "\"myFirstApp/Preview Content\"";
				DEVELOPMENT_TEAM = DZ9AV43LNJ;
				ENABLE_PREVIEWS = YES;
				GENERATE_INFOPLIST_FILE = YES;
				INFOPLIST_KEY_UIApplicationSceneManifest_Generation = YES;
				INFOPLIST_KEY_UIApplicationSupportsIndirectInputEvents = YES;
				INFOPLIST_KEY_UILaunchScreen_Generation = YES;
				INFOPLIST_KEY_UISupportedInterfaceOrientations_iPad = "UIInterfaceOrientationPortrait UIInterfaceOrientationPortraitUpsideDown UIInterfaceOrientationLandscapeLeft UIInterfaceOrientationLandscapeRight";
				INFOPLIST_KEY_UISupportedInterfaceOrientations_iPhone = "UIInterfaceOrientationPortrait UIInterfaceOrientationLandscapeLeft UIInterfaceOrientationLandscapeRight";
				LD_RUNPATH_SEARCH_PATHS = (
					"$(inherited)",
					"@executable_path/Frameworks",
				);
				MARKETING_VERSION = 1.0;
				PRODUCT_BUNDLE_IDENTIFIER = fr.bouboumael.myFirstApp;
				PRODUCT_NAME = "$(TARGET_NAME)";
				SWIFT_EMIT_LOC_STRINGS = YES;
				SWIFT_VERSION = 5.0;
				TARGETED_DEVICE_FAMILY = "1,2";
			};
			name = Release;
		};
		D35647942A7F0290000EF99D /* Debug */ = {
			isa = XCBuildConfiguration;
			buildSettings = {
				ALWAYS_EMBED_SWIFT_STANDARD_LIBRARIES = YES;
				BUNDLE_LOADER = "$(TEST_HOST)";
				CODE_SIGN_STYLE = Automatic;
				CURRENT_PROJECT_VERSION = 1;
				DEVELOPMENT_TEAM = DZ9AV43LNJ;
				GENERATE_INFOPLIST_FILE = YES;
				IPHONEOS_DEPLOYMENT_TARGET = 16.4;
				MARKETING_VERSION = 1.0;
				PRODUCT_BUNDLE_IDENTIFIER = fr.bouboumael.myFirstAppTests;
				PRODUCT_NAME = "$(TARGET_NAME)";
				SWIFT_EMIT_LOC_STRINGS = NO;
				SWIFT_VERSION = 5.0;
				TARGETED_DEVICE_FAMILY = "1,2";
				TEST_HOST = "$(BUILT_PRODUCTS_DIR)/myFirstApp.app/$(BUNDLE_EXECUTABLE_FOLDER_PATH)/myFirstApp";
			};
			name = Debug;
		};
		D35647952A7F0290000EF99D /* Release */ = {
			isa = XCBuildConfiguration;
			buildSettings = {
				ALWAYS_EMBED_SWIFT_STANDARD_LIBRARIES = YES;
				BUNDLE_LOADER = "$(TEST_HOST)";
				CODE_SIGN_STYLE = Automatic;
				CURRENT_PROJECT_VERSION = 1;
				DEVELOPMENT_TEAM = DZ9AV43LNJ;
				GENERATE_INFOPLIST_FILE = YES;
				IPHONEOS_DEPLOYMENT_TARGET = 16.4;
				MARKETING_VERSION = 1.0;
				PRODUCT_BUNDLE_IDENTIFIER = fr.bouboumael.myFirstAppTests;
				PRODUCT_NAME = "$(TARGET_NAME)";
				SWIFT_EMIT_LOC_STRINGS = NO;
				SWIFT_VERSION = 5.0;
				TARGETED_DEVICE_FAMILY = "1,2";
				TEST_HOST = "$(BUILT_PRODUCTS_DIR)/myFirstApp.app/$(BUNDLE_EXECUTABLE_FOLDER_PATH)/myFirstApp";
			};
			name = Release;
		};
		D35647972A7F0290000EF99D /* Debug */ = {
			isa = XCBuildConfiguration;
			buildSettings = {
				ALWAYS_EMBED_SWIFT_STANDARD_LIBRARIES = YES;
				CODE_SIGN_STYLE = Automatic;
				CURRENT_PROJECT_VERSION = 1;
				DEVELOPMENT_TEAM = DZ9AV43LNJ;
				GENERATE_INFOPLIST_FILE = YES;
				MARKETING_VERSION = 1.0;
				PRODUCT_BUNDLE_IDENTIFIER = fr.bouboumael.myFirstAppUITests;
				PRODUCT_NAME = "$(TARGET_NAME)";
				SWIFT_EMIT_LOC_STRINGS = NO;
				SWIFT_VERSION = 5.0;
				TARGETED_DEVICE_FAMILY = "1,2";
				TEST_TARGET_NAME = myFirstApp;
			};
			name = Debug;
		};
		D35647982A7F0290000EF99D /* Release */ = {
			isa = XCBuildConfiguration;
			buildSettings = {
				ALWAYS_EMBED_SWIFT_STANDARD_LIBRARIES = YES;
				CODE_SIGN_STYLE = Automatic;
				CURRENT_PROJECT_VERSION = 1;
				DEVELOPMENT_TEAM = DZ9AV43LNJ;
				GENERATE_INFOPLIST_FILE = YES;
				MARKETING_VERSION = 1.0;
				PRODUCT_BUNDLE_IDENTIFIER = fr.bouboumael.myFirstAppUITests;
				PRODUCT_NAME = "$(TARGET_NAME)";
				SWIFT_EMIT_LOC_STRINGS = NO;
				SWIFT_VERSION = 5.0;
				TARGETED_DEVICE_FAMILY = "1,2";
				TEST_TARGET_NAME = myFirstApp;
			};
			name = Release;
		};
/* End XCBuildConfiguration section */

/* Begin XCConfigurationList section */
		D35647672A7F028F000EF99D /* Build configuration list for PBXProject "myFirstApp" */ = {
			isa = XCConfigurationList;
			buildConfigurations = (
				D356478E2A7F0290000EF99D /* Debug */,
				D356478F2A7F0290000EF99D /* Release */,
			);
			defaultConfigurationIsVisible = 0;
			defaultConfigurationName = Release;
		};
		D35647902A7F0290000EF99D /* Build configuration list for PBXNativeTarget "myFirstApp" */ = {
			isa = XCConfigurationList;
			buildConfigurations = (
				D35647912A7F0290000EF99D /* Debug */,
				D35647922A7F0290000EF99D /* Release */,
			);
			defaultConfigurationIsVisible = 0;
			defaultConfigurationName = Release;
		};
		D35647932A7F0290000EF99D /* Build configuration list for PBXNativeTarget "myFirstAppTests" */ = {
			isa = XCConfigurationList;
			buildConfigurations = (
				D35647942A7F0290000EF99D /* Debug */,
				D35647952A7F0290000EF99D /* Release */,
			);
			defaultConfigurationIsVisible = 0;
			defaultConfigurationName = Release;
		};
		D35647962A7F0290000EF99D /* Build configuration list for PBXNativeTarget "myFirstAppUITests" */ = {
			isa = XCConfigurationList;
			buildConfigurations = (
				D35647972A7F0290000EF99D /* Debug */,
				D35647982A7F0290000EF99D /* Release */,
			);
			defaultConfigurationIsVisible = 0;
			defaultConfigurationName = Release;
		};
/* End XCConfigurationList section */

/* Begin XCVersionGroup section */
		D3EB23452A85288900A98ACA /* MyFirstAppModel.xcdatamodeld */ = {
			isa = XCVersionGroup;
			children = (
				D3EB23462A85288900A98ACA /* MyFirstAppModel.xcdatamodel */,
			);
			currentVersion = D3EB23462A85288900A98ACA /* MyFirstAppModel.xcdatamodel */;
			path = MyFirstAppModel.xcdatamodeld;
			sourceTree = "<group>";
			versionGroupType = wrapper.xcdatamodel;
		};
/* End XCVersionGroup section */
	};
	rootObject = D35647642A7F028F000EF99D /* Project object */;
}
